
Microsoft Visual Studio Solution File, Format Version 12.00
# Visual Studio Version 17
VisualStudioVersion = 17.5.33516.290
MinimumVisualStudioVersion = 10.0.40219.1
Project("{9A19103F-16F7-4668-BE54-9A1E7A4F7556}") = "DbLib", "lib\DbLib\DbLib.csproj", "{37ACF127-78C2-4E22-BA72-7097D83C12F4}"
EndProject
Project("{9A19103F-16F7-4668-BE54-9A1E7A4F7556}") = "LogLib", "lib\LogLib\LogLib.csproj", "{429ADC65-22B5-4F20-871D-E132B8910D2B}"
EndProject
Project("{9A19103F-16F7-4668-BE54-9A1E7A4F7556}") = "WindowLib", "lib\WindowLib\WindowLib.csproj", "{48E309CE-AF60-4792-800A-46AF3F4FEDA5}"
EndProject
Project("{2150E333-8FDC-42A3-9474-1A3956D46DE8}") = "libs", "libs", "{6BC99919-AF6D-498D-B8A0-FAC437A6E555}"
EndProject
Project("{9A19103F-16F7-4668-BE54-9A1E7A4F7556}") = "ProcessorLib", "lib\ProcessorLib\ProcessorLib.csproj", "{FC9F89FE-0F84-46E9-96A1-51A723532D96}"
EndProject
Project("{9A19103F-16F7-4668-BE54-9A1E7A4F7556}") = "BackendLib", "lib\BackendLib\BackendLib.csproj", "{18C7A73B-129D-4E5F-B9DE-E42E547963C5}"
EndProject
Project("{8BC9CEB8-8B4A-11D0-8D11-00A0C91BC942}") = "backend", "lib\backend\backend.vcxproj", "{02F74751-3B91-4FBD-8951-00B28802C764}"
EndProject
Project("{9A19103F-16F7-4668-BE54-9A1E7A4F7556}") = "LabelLib", "lib\LabelLib\LabelLib.csproj", "{9AF16962-A81B-432E-8D5E-99F848AD7B55}"
EndProject
Project("{9A19103F-16F7-4668-BE54-9A1E7A4F7556}") = "SatoPrintLib", "lib\SatoPrintLib\SatoPrintLib.csproj", "{7AB16EF6-9EAD-49A8-8CC4-C640B0A8C4FE}"
EndProject
Project("{9A19103F-16F7-4668-BE54-9A1E7A4F7556}") = "ExcelLib", "lib\ExcelLib\ExcelLib.csproj", "{3BC0568E-015E-4265-9FE2-7F4A38602FBF}"
EndProject
Project("{9A19103F-16F7-4668-BE54-9A1E7A4F7556}") = "PrintLib", "lib\PrintLib\PrintLib.csproj", "{649B2A76-90AC-4E23-A774-F6A11552BBF4}"
EndProject
Project("{9A19103F-16F7-4668-BE54-9A1E7A4F7556}") = "PrintPreviewLib", "lib\PrintPreviewLib\PrintPreviewLib.csproj", "{8B88448D-0DC7-487C-941A-11BF239312EB}"
EndProject
Project("{9A19103F-16F7-4668-BE54-9A1E7A4F7556}") = "SearchBoxLib", "lib\SearchBoxLib\SearchBoxLib.csproj", "{E92DA3CF-CA2A-4668-AAF5-1239F838ED83}"
EndProject
Project("{8BC9CEB8-8B4A-11D0-8D11-00A0C91BC942}") = "Syslog", "lib\Syslog\Syslog.vcxproj", "{3BF9F2A4-E847-4436-8592-D65033A63F7E}"
EndProject
Project("{9A19103F-16F7-4668-BE54-9A1E7A4F7556}") = "ColumnVisibilityLib", "lib\ColumnVisibilityLib\ColumnVisibilityLib.csproj", "{0B4AD9D4-CA32-4816-995E-34D8686CA35F}"
EndProject
Project("{9A19103F-16F7-4668-BE54-9A1E7A4F7556}") = "TdDpsLib", "lib\TdDpsLib\TdDpsLib.csproj", "{8FD05B4C-390A-4A40-AD07-06C76601AA3E}"
EndProject
Project("{2150E333-8FDC-42A3-9474-1A3956D46DE8}") = "Entry", "Entry", "{2F2E6164-D0D5-4E85-A2CC-D7D2A63DF411}"
EndProject
Project("{2150E333-8FDC-42A3-9474-1A3956D46DE8}") = "TdUnit", "TdUnit", "{6868D2C0-34EB-4E41-BF50-D4BDDEF31BBA}"
EndProject
Project("{9A19103F-16F7-4668-BE54-9A1E7A4F7556}") = "LightTest", "LightTest\LightTest.csproj", "{1CB6278E-75F0-4C39-AF5A-F6A87F9867E1}"
EndProject
Project("{9A19103F-16F7-4668-BE54-9A1E7A4F7556}") = "CsvLib", "lib\CsvLib\CsvLib.csproj", "{53E1E070-0789-4CEE-B0DD-75DBC3D79039}"
EndProject
Project("{2150E333-8FDC-42A3-9474-1A3956D46DE8}") = "Print", "Print", "{C3ABA3E5-6F69-488B-9268-A657B66834AB}"
EndProject
Project("{2150E333-8FDC-42A3-9474-1A3956D46DE8}") = "Picking", "Picking", "{10F48596-FB66-4C63-94FE-56B8F377AD65}"
EndProject
Project("{9A19103F-16F7-4668-BE54-9A1E7A4F7556}") = "DispShop", "DispShop\DispShop.csproj", "{6DC8860D-52A6-4CD9-899C-AC699865F5A4}"
EndProject
Project("{9A19103F-16F7-4668-BE54-9A1E7A4F7556}") = "SelDistGroupLib", "lib\SelDistGroupLib\SelDistGroupLib.csproj", "{DB8D547B-3DA1-46F1-97F6-4E2408596AEA}"
EndProject
Project("{9A19103F-16F7-4668-BE54-9A1E7A4F7556}") = "SetHenkosha", "SetHenkousha\SetHenkosha.csproj", "{A99C514B-E87D-42F7-BC0E-89F2AFCFEA58}"
EndProject
Project("{9A19103F-16F7-4668-BE54-9A1E7A4F7556}") = "ImportLib", "lib\ImportLib\ImportLib.csproj", "{BAAA1E87-C18B-450B-9780-E998EA3C73EB}"
EndProject
Project("{9A19103F-16F7-4668-BE54-9A1E7A4F7556}") = "MasterImporter", "MasterImporter\MasterImporter.csproj", "{67C48E1B-0F79-41F2-A402-00FFE8FEC781}"
EndProject
Global
	GlobalSection(SolutionConfigurationPlatforms) = preSolution
		Debug|Any CPU = Debug|Any CPU
		Debug|x64 = Debug|x64
		Debug|x86 = Debug|x86
		Release|Any CPU = Release|Any CPU
		Release|x64 = Release|x64
		Release|x86 = Release|x86
	EndGlobalSection
	GlobalSection(ProjectConfigurationPlatforms) = postSolution
		{37ACF127-78C2-4E22-BA72-7097D83C12F4}.Debug|Any CPU.ActiveCfg = Debug|Any CPU
		{37ACF127-78C2-4E22-BA72-7097D83C12F4}.Debug|Any CPU.Build.0 = Debug|Any CPU
		{37ACF127-78C2-4E22-BA72-7097D83C12F4}.Debug|x64.ActiveCfg = Debug|Any CPU
		{37ACF127-78C2-4E22-BA72-7097D83C12F4}.Debug|x64.Build.0 = Debug|Any CPU
		{37ACF127-78C2-4E22-BA72-7097D83C12F4}.Debug|x86.ActiveCfg = Debug|Any CPU
		{37ACF127-78C2-4E22-BA72-7097D83C12F4}.Debug|x86.Build.0 = Debug|Any CPU
		{37ACF127-78C2-4E22-BA72-7097D83C12F4}.Release|Any CPU.ActiveCfg = Release|Any CPU
		{37ACF127-78C2-4E22-BA72-7097D83C12F4}.Release|Any CPU.Build.0 = Release|Any CPU
		{37ACF127-78C2-4E22-BA72-7097D83C12F4}.Release|x64.ActiveCfg = Release|Any CPU
		{37ACF127-78C2-4E22-BA72-7097D83C12F4}.Release|x64.Build.0 = Release|Any CPU
		{37ACF127-78C2-4E22-BA72-7097D83C12F4}.Release|x86.ActiveCfg = Release|Any CPU
		{37ACF127-78C2-4E22-BA72-7097D83C12F4}.Release|x86.Build.0 = Release|Any CPU
		{429ADC65-22B5-4F20-871D-E132B8910D2B}.Debug|Any CPU.ActiveCfg = Debug|Any CPU
		{429ADC65-22B5-4F20-871D-E132B8910D2B}.Debug|Any CPU.Build.0 = Debug|Any CPU
		{429ADC65-22B5-4F20-871D-E132B8910D2B}.Debug|x64.ActiveCfg = Debug|Any CPU
		{429ADC65-22B5-4F20-871D-E132B8910D2B}.Debug|x64.Build.0 = Debug|Any CPU
		{429ADC65-22B5-4F20-871D-E132B8910D2B}.Debug|x86.ActiveCfg = Debug|Any CPU
		{429ADC65-22B5-4F20-871D-E132B8910D2B}.Debug|x86.Build.0 = Debug|Any CPU
		{429ADC65-22B5-4F20-871D-E132B8910D2B}.Release|Any CPU.ActiveCfg = Release|Any CPU
		{429ADC65-22B5-4F20-871D-E132B8910D2B}.Release|Any CPU.Build.0 = Release|Any CPU
		{429ADC65-22B5-4F20-871D-E132B8910D2B}.Release|x64.ActiveCfg = Release|Any CPU
		{429ADC65-22B5-4F20-871D-E132B8910D2B}.Release|x64.Build.0 = Release|Any CPU
		{429ADC65-22B5-4F20-871D-E132B8910D2B}.Release|x86.ActiveCfg = Release|Any CPU
		{429ADC65-22B5-4F20-871D-E132B8910D2B}.Release|x86.Build.0 = Release|Any CPU
		{48E309CE-AF60-4792-800A-46AF3F4FEDA5}.Debug|Any CPU.ActiveCfg = Debug|Any CPU
		{48E309CE-AF60-4792-800A-46AF3F4FEDA5}.Debug|Any CPU.Build.0 = Debug|Any CPU
		{48E309CE-AF60-4792-800A-46AF3F4FEDA5}.Debug|x64.ActiveCfg = Debug|Any CPU
		{48E309CE-AF60-4792-800A-46AF3F4FEDA5}.Debug|x64.Build.0 = Debug|Any CPU
		{48E309CE-AF60-4792-800A-46AF3F4FEDA5}.Debug|x86.ActiveCfg = Debug|Any CPU
		{48E309CE-AF60-4792-800A-46AF3F4FEDA5}.Debug|x86.Build.0 = Debug|Any CPU
		{48E309CE-AF60-4792-800A-46AF3F4FEDA5}.Release|Any CPU.ActiveCfg = Release|Any CPU
		{48E309CE-AF60-4792-800A-46AF3F4FEDA5}.Release|Any CPU.Build.0 = Release|Any CPU
		{48E309CE-AF60-4792-800A-46AF3F4FEDA5}.Release|x64.ActiveCfg = Release|Any CPU
		{48E309CE-AF60-4792-800A-46AF3F4FEDA5}.Release|x64.Build.0 = Release|Any CPU
		{48E309CE-AF60-4792-800A-46AF3F4FEDA5}.Release|x86.ActiveCfg = Release|Any CPU
		{48E309CE-AF60-4792-800A-46AF3F4FEDA5}.Release|x86.Build.0 = Release|Any CPU
		{FC9F89FE-0F84-46E9-96A1-51A723532D96}.Debug|Any CPU.ActiveCfg = Debug|Any CPU
		{FC9F89FE-0F84-46E9-96A1-51A723532D96}.Debug|Any CPU.Build.0 = Debug|Any CPU
		{FC9F89FE-0F84-46E9-96A1-51A723532D96}.Debug|x64.ActiveCfg = Debug|Any CPU
		{FC9F89FE-0F84-46E9-96A1-51A723532D96}.Debug|x64.Build.0 = Debug|Any CPU
		{FC9F89FE-0F84-46E9-96A1-51A723532D96}.Debug|x86.ActiveCfg = Debug|Any CPU
		{FC9F89FE-0F84-46E9-96A1-51A723532D96}.Debug|x86.Build.0 = Debug|Any CPU
		{FC9F89FE-0F84-46E9-96A1-51A723532D96}.Release|Any CPU.ActiveCfg = Release|Any CPU
		{FC9F89FE-0F84-46E9-96A1-51A723532D96}.Release|Any CPU.Build.0 = Release|Any CPU
		{FC9F89FE-0F84-46E9-96A1-51A723532D96}.Release|x64.ActiveCfg = Release|Any CPU
		{FC9F89FE-0F84-46E9-96A1-51A723532D96}.Release|x64.Build.0 = Release|Any CPU
		{FC9F89FE-0F84-46E9-96A1-51A723532D96}.Release|x86.ActiveCfg = Release|Any CPU
		{FC9F89FE-0F84-46E9-96A1-51A723532D96}.Release|x86.Build.0 = Release|Any CPU
		{18C7A73B-129D-4E5F-B9DE-E42E547963C5}.Debug|Any CPU.ActiveCfg = Debug|Any CPU
		{18C7A73B-129D-4E5F-B9DE-E42E547963C5}.Debug|Any CPU.Build.0 = Debug|Any CPU
		{18C7A73B-129D-4E5F-B9DE-E42E547963C5}.Debug|x64.ActiveCfg = Debug|Any CPU
		{18C7A73B-129D-4E5F-B9DE-E42E547963C5}.Debug|x64.Build.0 = Debug|Any CPU
		{18C7A73B-129D-4E5F-B9DE-E42E547963C5}.Debug|x86.ActiveCfg = Debug|Any CPU
		{18C7A73B-129D-4E5F-B9DE-E42E547963C5}.Debug|x86.Build.0 = Debug|Any CPU
		{18C7A73B-129D-4E5F-B9DE-E42E547963C5}.Release|Any CPU.ActiveCfg = Release|Any CPU
		{18C7A73B-129D-4E5F-B9DE-E42E547963C5}.Release|Any CPU.Build.0 = Release|Any CPU
		{18C7A73B-129D-4E5F-B9DE-E42E547963C5}.Release|x64.ActiveCfg = Release|Any CPU
		{18C7A73B-129D-4E5F-B9DE-E42E547963C5}.Release|x64.Build.0 = Release|Any CPU
		{18C7A73B-129D-4E5F-B9DE-E42E547963C5}.Release|x86.ActiveCfg = Release|Any CPU
		{18C7A73B-129D-4E5F-B9DE-E42E547963C5}.Release|x86.Build.0 = Release|Any CPU
		{02F74751-3B91-4FBD-8951-00B28802C764}.Debug|Any CPU.ActiveCfg = Debug|x64
		{02F74751-3B91-4FBD-8951-00B28802C764}.Debug|Any CPU.Build.0 = Debug|x64
		{02F74751-3B91-4FBD-8951-00B28802C764}.Debug|x64.ActiveCfg = Debug|x64
		{02F74751-3B91-4FBD-8951-00B28802C764}.Debug|x64.Build.0 = Debug|x64
		{02F74751-3B91-4FBD-8951-00B28802C764}.Debug|x86.ActiveCfg = Debug|Win32
		{02F74751-3B91-4FBD-8951-00B28802C764}.Debug|x86.Build.0 = Debug|Win32
		{02F74751-3B91-4FBD-8951-00B28802C764}.Release|Any CPU.ActiveCfg = Release|x64
		{02F74751-3B91-4FBD-8951-00B28802C764}.Release|Any CPU.Build.0 = Release|x64
		{02F74751-3B91-4FBD-8951-00B28802C764}.Release|x64.ActiveCfg = Release|x64
		{02F74751-3B91-4FBD-8951-00B28802C764}.Release|x64.Build.0 = Release|x64
		{02F74751-3B91-4FBD-8951-00B28802C764}.Release|x86.ActiveCfg = Release|Win32
		{02F74751-3B91-4FBD-8951-00B28802C764}.Release|x86.Build.0 = Release|Win32
		{9AF16962-A81B-432E-8D5E-99F848AD7B55}.Debug|Any CPU.ActiveCfg = Debug|Any CPU
		{9AF16962-A81B-432E-8D5E-99F848AD7B55}.Debug|Any CPU.Build.0 = Debug|Any CPU
		{9AF16962-A81B-432E-8D5E-99F848AD7B55}.Debug|x64.ActiveCfg = Debug|Any CPU
		{9AF16962-A81B-432E-8D5E-99F848AD7B55}.Debug|x64.Build.0 = Debug|Any CPU
		{9AF16962-A81B-432E-8D5E-99F848AD7B55}.Debug|x86.ActiveCfg = Debug|Any CPU
		{9AF16962-A81B-432E-8D5E-99F848AD7B55}.Debug|x86.Build.0 = Debug|Any CPU
		{9AF16962-A81B-432E-8D5E-99F848AD7B55}.Release|Any CPU.ActiveCfg = Release|Any CPU
		{9AF16962-A81B-432E-8D5E-99F848AD7B55}.Release|Any CPU.Build.0 = Release|Any CPU
		{9AF16962-A81B-432E-8D5E-99F848AD7B55}.Release|x64.ActiveCfg = Release|Any CPU
		{9AF16962-A81B-432E-8D5E-99F848AD7B55}.Release|x64.Build.0 = Release|Any CPU
		{9AF16962-A81B-432E-8D5E-99F848AD7B55}.Release|x86.ActiveCfg = Release|Any CPU
		{9AF16962-A81B-432E-8D5E-99F848AD7B55}.Release|x86.Build.0 = Release|Any CPU
		{7AB16EF6-9EAD-49A8-8CC4-C640B0A8C4FE}.Debug|Any CPU.ActiveCfg = Debug|Any CPU
		{7AB16EF6-9EAD-49A8-8CC4-C640B0A8C4FE}.Debug|Any CPU.Build.0 = Debug|Any CPU
		{7AB16EF6-9EAD-49A8-8CC4-C640B0A8C4FE}.Debug|x64.ActiveCfg = Debug|Any CPU
		{7AB16EF6-9EAD-49A8-8CC4-C640B0A8C4FE}.Debug|x64.Build.0 = Debug|Any CPU
		{7AB16EF6-9EAD-49A8-8CC4-C640B0A8C4FE}.Debug|x86.ActiveCfg = Debug|Any CPU
		{7AB16EF6-9EAD-49A8-8CC4-C640B0A8C4FE}.Debug|x86.Build.0 = Debug|Any CPU
		{7AB16EF6-9EAD-49A8-8CC4-C640B0A8C4FE}.Release|Any CPU.ActiveCfg = Release|Any CPU
		{7AB16EF6-9EAD-49A8-8CC4-C640B0A8C4FE}.Release|Any CPU.Build.0 = Release|Any CPU
		{7AB16EF6-9EAD-49A8-8CC4-C640B0A8C4FE}.Release|x64.ActiveCfg = Release|Any CPU
		{7AB16EF6-9EAD-49A8-8CC4-C640B0A8C4FE}.Release|x64.Build.0 = Release|Any CPU
		{7AB16EF6-9EAD-49A8-8CC4-C640B0A8C4FE}.Release|x86.ActiveCfg = Release|Any CPU
		{7AB16EF6-9EAD-49A8-8CC4-C640B0A8C4FE}.Release|x86.Build.0 = Release|Any CPU
		{3BC0568E-015E-4265-9FE2-7F4A38602FBF}.Debug|Any CPU.ActiveCfg = Debug|Any CPU
		{3BC0568E-015E-4265-9FE2-7F4A38602FBF}.Debug|Any CPU.Build.0 = Debug|Any CPU
		{3BC0568E-015E-4265-9FE2-7F4A38602FBF}.Debug|x64.ActiveCfg = Debug|Any CPU
		{3BC0568E-015E-4265-9FE2-7F4A38602FBF}.Debug|x64.Build.0 = Debug|Any CPU
		{3BC0568E-015E-4265-9FE2-7F4A38602FBF}.Debug|x86.ActiveCfg = Debug|Any CPU
		{3BC0568E-015E-4265-9FE2-7F4A38602FBF}.Debug|x86.Build.0 = Debug|Any CPU
		{3BC0568E-015E-4265-9FE2-7F4A38602FBF}.Release|Any CPU.ActiveCfg = Release|Any CPU
		{3BC0568E-015E-4265-9FE2-7F4A38602FBF}.Release|Any CPU.Build.0 = Release|Any CPU
		{3BC0568E-015E-4265-9FE2-7F4A38602FBF}.Release|x64.ActiveCfg = Release|Any CPU
		{3BC0568E-015E-4265-9FE2-7F4A38602FBF}.Release|x64.Build.0 = Release|Any CPU
		{3BC0568E-015E-4265-9FE2-7F4A38602FBF}.Release|x86.ActiveCfg = Release|Any CPU
		{3BC0568E-015E-4265-9FE2-7F4A38602FBF}.Release|x86.Build.0 = Release|Any CPU
		{649B2A76-90AC-4E23-A774-F6A11552BBF4}.Debug|Any CPU.ActiveCfg = Debug|Any CPU
		{649B2A76-90AC-4E23-A774-F6A11552BBF4}.Debug|Any CPU.Build.0 = Debug|Any CPU
		{649B2A76-90AC-4E23-A774-F6A11552BBF4}.Debug|x64.ActiveCfg = Debug|Any CPU
		{649B2A76-90AC-4E23-A774-F6A11552BBF4}.Debug|x64.Build.0 = Debug|Any CPU
		{649B2A76-90AC-4E23-A774-F6A11552BBF4}.Debug|x86.ActiveCfg = Debug|Any CPU
		{649B2A76-90AC-4E23-A774-F6A11552BBF4}.Debug|x86.Build.0 = Debug|Any CPU
		{649B2A76-90AC-4E23-A774-F6A11552BBF4}.Release|Any CPU.ActiveCfg = Release|Any CPU
		{649B2A76-90AC-4E23-A774-F6A11552BBF4}.Release|Any CPU.Build.0 = Release|Any CPU
		{649B2A76-90AC-4E23-A774-F6A11552BBF4}.Release|x64.ActiveCfg = Release|Any CPU
		{649B2A76-90AC-4E23-A774-F6A11552BBF4}.Release|x64.Build.0 = Release|Any CPU
		{649B2A76-90AC-4E23-A774-F6A11552BBF4}.Release|x86.ActiveCfg = Release|Any CPU
		{649B2A76-90AC-4E23-A774-F6A11552BBF4}.Release|x86.Build.0 = Release|Any CPU
		{8B88448D-0DC7-487C-941A-11BF239312EB}.Debug|Any CPU.ActiveCfg = Debug|Any CPU
		{8B88448D-0DC7-487C-941A-11BF239312EB}.Debug|Any CPU.Build.0 = Debug|Any CPU
		{8B88448D-0DC7-487C-941A-11BF239312EB}.Debug|x64.ActiveCfg = Debug|Any CPU
		{8B88448D-0DC7-487C-941A-11BF239312EB}.Debug|x64.Build.0 = Debug|Any CPU
		{8B88448D-0DC7-487C-941A-11BF239312EB}.Debug|x86.ActiveCfg = Debug|Any CPU
		{8B88448D-0DC7-487C-941A-11BF239312EB}.Debug|x86.Build.0 = Debug|Any CPU
		{8B88448D-0DC7-487C-941A-11BF239312EB}.Release|Any CPU.ActiveCfg = Release|Any CPU
		{8B88448D-0DC7-487C-941A-11BF239312EB}.Release|Any CPU.Build.0 = Release|Any CPU
		{8B88448D-0DC7-487C-941A-11BF239312EB}.Release|x64.ActiveCfg = Release|Any CPU
		{8B88448D-0DC7-487C-941A-11BF239312EB}.Release|x64.Build.0 = Release|Any CPU
		{8B88448D-0DC7-487C-941A-11BF239312EB}.Release|x86.ActiveCfg = Release|Any CPU
		{8B88448D-0DC7-487C-941A-11BF239312EB}.Release|x86.Build.0 = Release|Any CPU
		{E92DA3CF-CA2A-4668-AAF5-1239F838ED83}.Debug|Any CPU.ActiveCfg = Debug|Any CPU
		{E92DA3CF-CA2A-4668-AAF5-1239F838ED83}.Debug|Any CPU.Build.0 = Debug|Any CPU
		{E92DA3CF-CA2A-4668-AAF5-1239F838ED83}.Debug|x64.ActiveCfg = Debug|Any CPU
		{E92DA3CF-CA2A-4668-AAF5-1239F838ED83}.Debug|x64.Build.0 = Debug|Any CPU
		{E92DA3CF-CA2A-4668-AAF5-1239F838ED83}.Debug|x86.ActiveCfg = Debug|Any CPU
		{E92DA3CF-CA2A-4668-AAF5-1239F838ED83}.Debug|x86.Build.0 = Debug|Any CPU
		{E92DA3CF-CA2A-4668-AAF5-1239F838ED83}.Release|Any CPU.ActiveCfg = Release|Any CPU
		{E92DA3CF-CA2A-4668-AAF5-1239F838ED83}.Release|Any CPU.Build.0 = Release|Any CPU
		{E92DA3CF-CA2A-4668-AAF5-1239F838ED83}.Release|x64.ActiveCfg = Release|Any CPU
		{E92DA3CF-CA2A-4668-AAF5-1239F838ED83}.Release|x64.Build.0 = Release|Any CPU
		{E92DA3CF-CA2A-4668-AAF5-1239F838ED83}.Release|x86.ActiveCfg = Release|Any CPU
		{E92DA3CF-CA2A-4668-AAF5-1239F838ED83}.Release|x86.Build.0 = Release|Any CPU
		{3BF9F2A4-E847-4436-8592-D65033A63F7E}.Debug|Any CPU.ActiveCfg = Debug|x64
		{3BF9F2A4-E847-4436-8592-D65033A63F7E}.Debug|Any CPU.Build.0 = Debug|x64
		{3BF9F2A4-E847-4436-8592-D65033A63F7E}.Debug|x64.ActiveCfg = Debug|Win32
		{3BF9F2A4-E847-4436-8592-D65033A63F7E}.Debug|x64.Build.0 = Debug|Win32
		{3BF9F2A4-E847-4436-8592-D65033A63F7E}.Debug|x86.ActiveCfg = Debug|Win32
		{3BF9F2A4-E847-4436-8592-D65033A63F7E}.Debug|x86.Build.0 = Debug|Win32
		{3BF9F2A4-E847-4436-8592-D65033A63F7E}.Release|Any CPU.ActiveCfg = Release|x64
		{3BF9F2A4-E847-4436-8592-D65033A63F7E}.Release|Any CPU.Build.0 = Release|x64
		{3BF9F2A4-E847-4436-8592-D65033A63F7E}.Release|x64.ActiveCfg = Release|Win32
		{3BF9F2A4-E847-4436-8592-D65033A63F7E}.Release|x64.Build.0 = Release|Win32
		{3BF9F2A4-E847-4436-8592-D65033A63F7E}.Release|x86.ActiveCfg = Release|Win32
		{3BF9F2A4-E847-4436-8592-D65033A63F7E}.Release|x86.Build.0 = Release|Win32
		{0B4AD9D4-CA32-4816-995E-34D8686CA35F}.Debug|Any CPU.ActiveCfg = Debug|Any CPU
		{0B4AD9D4-CA32-4816-995E-34D8686CA35F}.Debug|Any CPU.Build.0 = Debug|Any CPU
		{0B4AD9D4-CA32-4816-995E-34D8686CA35F}.Debug|x64.ActiveCfg = Debug|Any CPU
		{0B4AD9D4-CA32-4816-995E-34D8686CA35F}.Debug|x64.Build.0 = Debug|Any CPU
		{0B4AD9D4-CA32-4816-995E-34D8686CA35F}.Debug|x86.ActiveCfg = Debug|Any CPU
		{0B4AD9D4-CA32-4816-995E-34D8686CA35F}.Debug|x86.Build.0 = Debug|Any CPU
		{0B4AD9D4-CA32-4816-995E-34D8686CA35F}.Release|Any CPU.ActiveCfg = Release|Any CPU
		{0B4AD9D4-CA32-4816-995E-34D8686CA35F}.Release|Any CPU.Build.0 = Release|Any CPU
		{0B4AD9D4-CA32-4816-995E-34D8686CA35F}.Release|x64.ActiveCfg = Release|Any CPU
		{0B4AD9D4-CA32-4816-995E-34D8686CA35F}.Release|x64.Build.0 = Release|Any CPU
		{0B4AD9D4-CA32-4816-995E-34D8686CA35F}.Release|x86.ActiveCfg = Release|Any CPU
		{0B4AD9D4-CA32-4816-995E-34D8686CA35F}.Release|x86.Build.0 = Release|Any CPU
		{8FD05B4C-390A-4A40-AD07-06C76601AA3E}.Debug|Any CPU.ActiveCfg = Debug|Any CPU
		{8FD05B4C-390A-4A40-AD07-06C76601AA3E}.Debug|Any CPU.Build.0 = Debug|Any CPU
		{8FD05B4C-390A-4A40-AD07-06C76601AA3E}.Debug|x64.ActiveCfg = Debug|Any CPU
		{8FD05B4C-390A-4A40-AD07-06C76601AA3E}.Debug|x64.Build.0 = Debug|Any CPU
		{8FD05B4C-390A-4A40-AD07-06C76601AA3E}.Debug|x86.ActiveCfg = Debug|Any CPU
		{8FD05B4C-390A-4A40-AD07-06C76601AA3E}.Debug|x86.Build.0 = Debug|Any CPU
		{8FD05B4C-390A-4A40-AD07-06C76601AA3E}.Release|Any CPU.ActiveCfg = Release|Any CPU
		{8FD05B4C-390A-4A40-AD07-06C76601AA3E}.Release|Any CPU.Build.0 = Release|Any CPU
		{8FD05B4C-390A-4A40-AD07-06C76601AA3E}.Release|x64.ActiveCfg = Release|Any CPU
		{8FD05B4C-390A-4A40-AD07-06C76601AA3E}.Release|x64.Build.0 = Release|Any CPU
		{8FD05B4C-390A-4A40-AD07-06C76601AA3E}.Release|x86.ActiveCfg = Release|Any CPU
		{8FD05B4C-390A-4A40-AD07-06C76601AA3E}.Release|x86.Build.0 = Release|Any CPU
		{1CB6278E-75F0-4C39-AF5A-F6A87F9867E1}.Debug|Any CPU.ActiveCfg = Debug|Any CPU
		{1CB6278E-75F0-4C39-AF5A-F6A87F9867E1}.Debug|Any CPU.Build.0 = Debug|Any CPU
		{1CB6278E-75F0-4C39-AF5A-F6A87F9867E1}.Debug|x64.ActiveCfg = Debug|Any CPU
		{1CB6278E-75F0-4C39-AF5A-F6A87F9867E1}.Debug|x64.Build.0 = Debug|Any CPU
		{1CB6278E-75F0-4C39-AF5A-F6A87F9867E1}.Debug|x86.ActiveCfg = Debug|Any CPU
		{1CB6278E-75F0-4C39-AF5A-F6A87F9867E1}.Debug|x86.Build.0 = Debug|Any CPU
		{1CB6278E-75F0-4C39-AF5A-F6A87F9867E1}.Release|Any CPU.ActiveCfg = Release|Any CPU
		{1CB6278E-75F0-4C39-AF5A-F6A87F9867E1}.Release|Any CPU.Build.0 = Release|Any CPU
		{1CB6278E-75F0-4C39-AF5A-F6A87F9867E1}.Release|x64.ActiveCfg = Release|Any CPU
		{1CB6278E-75F0-4C39-AF5A-F6A87F9867E1}.Release|x64.Build.0 = Release|Any CPU
		{1CB6278E-75F0-4C39-AF5A-F6A87F9867E1}.Release|x86.ActiveCfg = Release|Any CPU
		{1CB6278E-75F0-4C39-AF5A-F6A87F9867E1}.Release|x86.Build.0 = Release|Any CPU
		{53E1E070-0789-4CEE-B0DD-75DBC3D79039}.Debug|Any CPU.ActiveCfg = Debug|Any CPU
		{53E1E070-0789-4CEE-B0DD-75DBC3D79039}.Debug|Any CPU.Build.0 = Debug|Any CPU
		{53E1E070-0789-4CEE-B0DD-75DBC3D79039}.Debug|x64.ActiveCfg = Debug|Any CPU
		{53E1E070-0789-4CEE-B0DD-75DBC3D79039}.Debug|x64.Build.0 = Debug|Any CPU
		{53E1E070-0789-4CEE-B0DD-75DBC3D79039}.Debug|x86.ActiveCfg = Debug|Any CPU
		{53E1E070-0789-4CEE-B0DD-75DBC3D79039}.Debug|x86.Build.0 = Debug|Any CPU
		{53E1E070-0789-4CEE-B0DD-75DBC3D79039}.Release|Any CPU.ActiveCfg = Release|Any CPU
		{53E1E070-0789-4CEE-B0DD-75DBC3D79039}.Release|Any CPU.Build.0 = Release|Any CPU
		{53E1E070-0789-4CEE-B0DD-75DBC3D79039}.Release|x64.ActiveCfg = Release|Any CPU
		{53E1E070-0789-4CEE-B0DD-75DBC3D79039}.Release|x64.Build.0 = Release|Any CPU
		{53E1E070-0789-4CEE-B0DD-75DBC3D79039}.Release|x86.ActiveCfg = Release|Any CPU
		{53E1E070-0789-4CEE-B0DD-75DBC3D79039}.Release|x86.Build.0 = Release|Any CPU
		{6DC8860D-52A6-4CD9-899C-AC699865F5A4}.Debug|Any CPU.ActiveCfg = Debug|Any CPU
		{6DC8860D-52A6-4CD9-899C-AC699865F5A4}.Debug|Any CPU.Build.0 = Debug|Any CPU
		{6DC8860D-52A6-4CD9-899C-AC699865F5A4}.Debug|x64.ActiveCfg = Debug|Any CPU
		{6DC8860D-52A6-4CD9-899C-AC699865F5A4}.Debug|x64.Build.0 = Debug|Any CPU
		{6DC8860D-52A6-4CD9-899C-AC699865F5A4}.Debug|x86.ActiveCfg = Debug|Any CPU
		{6DC8860D-52A6-4CD9-899C-AC699865F5A4}.Debug|x86.Build.0 = Debug|Any CPU
		{6DC8860D-52A6-4CD9-899C-AC699865F5A4}.Release|Any CPU.ActiveCfg = Release|Any CPU
		{6DC8860D-52A6-4CD9-899C-AC699865F5A4}.Release|Any CPU.Build.0 = Release|Any CPU
		{6DC8860D-52A6-4CD9-899C-AC699865F5A4}.Release|x64.ActiveCfg = Release|Any CPU
		{6DC8860D-52A6-4CD9-899C-AC699865F5A4}.Release|x64.Build.0 = Release|Any CPU
		{6DC8860D-52A6-4CD9-899C-AC699865F5A4}.Release|x86.ActiveCfg = Release|Any CPU
		{6DC8860D-52A6-4CD9-899C-AC699865F5A4}.Release|x86.Build.0 = Release|Any CPU
		{DB8D547B-3DA1-46F1-97F6-4E2408596AEA}.Debug|Any CPU.ActiveCfg = Debug|Any CPU
		{DB8D547B-3DA1-46F1-97F6-4E2408596AEA}.Debug|Any CPU.Build.0 = Debug|Any CPU
		{DB8D547B-3DA1-46F1-97F6-4E2408596AEA}.Debug|x64.ActiveCfg = Debug|Any CPU
		{DB8D547B-3DA1-46F1-97F6-4E2408596AEA}.Debug|x64.Build.0 = Debug|Any CPU
		{DB8D547B-3DA1-46F1-97F6-4E2408596AEA}.Debug|x86.ActiveCfg = Debug|Any CPU
		{DB8D547B-3DA1-46F1-97F6-4E2408596AEA}.Debug|x86.Build.0 = Debug|Any CPU
		{DB8D547B-3DA1-46F1-97F6-4E2408596AEA}.Release|Any CPU.ActiveCfg = Release|Any CPU
		{DB8D547B-3DA1-46F1-97F6-4E2408596AEA}.Release|Any CPU.Build.0 = Release|Any CPU
		{DB8D547B-3DA1-46F1-97F6-4E2408596AEA}.Release|x64.ActiveCfg = Release|Any CPU
		{DB8D547B-3DA1-46F1-97F6-4E2408596AEA}.Release|x64.Build.0 = Release|Any CPU
		{DB8D547B-3DA1-46F1-97F6-4E2408596AEA}.Release|x86.ActiveCfg = Release|Any CPU
		{DB8D547B-3DA1-46F1-97F6-4E2408596AEA}.Release|x86.Build.0 = Release|Any CPU
		{A99C514B-E87D-42F7-BC0E-89F2AFCFEA58}.Debug|Any CPU.ActiveCfg = Debug|Any CPU
		{A99C514B-E87D-42F7-BC0E-89F2AFCFEA58}.Debug|Any CPU.Build.0 = Debug|Any CPU
		{A99C514B-E87D-42F7-BC0E-89F2AFCFEA58}.Debug|x64.ActiveCfg = Debug|Any CPU
		{A99C514B-E87D-42F7-BC0E-89F2AFCFEA58}.Debug|x64.Build.0 = Debug|Any CPU
		{A99C514B-E87D-42F7-BC0E-89F2AFCFEA58}.Debug|x86.ActiveCfg = Debug|Any CPU
		{A99C514B-E87D-42F7-BC0E-89F2AFCFEA58}.Debug|x86.Build.0 = Debug|Any CPU
		{A99C514B-E87D-42F7-BC0E-89F2AFCFEA58}.Release|Any CPU.ActiveCfg = Release|Any CPU
		{A99C514B-E87D-42F7-BC0E-89F2AFCFEA58}.Release|Any CPU.Build.0 = Release|Any CPU
		{A99C514B-E87D-42F7-BC0E-89F2AFCFEA58}.Release|x64.ActiveCfg = Release|Any CPU
		{A99C514B-E87D-42F7-BC0E-89F2AFCFEA58}.Release|x64.Build.0 = Release|Any CPU
		{A99C514B-E87D-42F7-BC0E-89F2AFCFEA58}.Release|x86.ActiveCfg = Release|Any CPU
		{A99C514B-E87D-42F7-BC0E-89F2AFCFEA58}.Release|x86.Build.0 = Release|Any CPU
		{BAAA1E87-C18B-450B-9780-E998EA3C73EB}.Debug|Any CPU.ActiveCfg = Debug|Any CPU
		{BAAA1E87-C18B-450B-9780-E998EA3C73EB}.Debug|Any CPU.Build.0 = Debug|Any CPU
		{BAAA1E87-C18B-450B-9780-E998EA3C73EB}.Debug|x64.ActiveCfg = Debug|Any CPU
		{BAAA1E87-C18B-450B-9780-E998EA3C73EB}.Debug|x64.Build.0 = Debug|Any CPU
		{BAAA1E87-C18B-450B-9780-E998EA3C73EB}.Debug|x86.ActiveCfg = Debug|Any CPU
		{BAAA1E87-C18B-450B-9780-E998EA3C73EB}.Debug|x86.Build.0 = Debug|Any CPU
		{BAAA1E87-C18B-450B-9780-E998EA3C73EB}.Release|Any CPU.ActiveCfg = Release|Any CPU
		{BAAA1E87-C18B-450B-9780-E998EA3C73EB}.Release|Any CPU.Build.0 = Release|Any CPU
		{BAAA1E87-C18B-450B-9780-E998EA3C73EB}.Release|x64.ActiveCfg = Release|Any CPU
		{BAAA1E87-C18B-450B-9780-E998EA3C73EB}.Release|x64.Build.0 = Release|Any CPU
		{BAAA1E87-C18B-450B-9780-E998EA3C73EB}.Release|x86.ActiveCfg = Release|Any CPU
		{BAAA1E87-C18B-450B-9780-E998EA3C73EB}.Release|x86.Build.0 = Release|Any CPU
		{67C48E1B-0F79-41F2-A402-00FFE8FEC781}.Debug|Any CPU.ActiveCfg = Debug|Any CPU
		{67C48E1B-0F79-41F2-A402-00FFE8FEC781}.Debug|Any CPU.Build.0 = Debug|Any CPU
		{67C48E1B-0F79-41F2-A402-00FFE8FEC781}.Debug|x64.ActiveCfg = Debug|Any CPU
		{67C48E1B-0F79-41F2-A402-00FFE8FEC781}.Debug|x64.Build.0 = Debug|Any CPU
		{67C48E1B-0F79-41F2-A402-00FFE8FEC781}.Debug|x86.ActiveCfg = Debug|Any CPU
		{67C48E1B-0F79-41F2-A402-00FFE8FEC781}.Debug|x86.Build.0 = Debug|Any CPU
		{67C48E1B-0F79-41F2-A402-00FFE8FEC781}.Release|Any CPU.ActiveCfg = Release|Any CPU
		{67C48E1B-0F79-41F2-A402-00FFE8FEC781}.Release|Any CPU.Build.0 = Release|Any CPU
		{67C48E1B-0F79-41F2-A402-00FFE8FEC781}.Release|x64.ActiveCfg = Release|Any CPU
		{67C48E1B-0F79-41F2-A402-00FFE8FEC781}.Release|x64.Build.0 = Release|Any CPU
		{67C48E1B-0F79-41F2-A402-00FFE8FEC781}.Release|x86.ActiveCfg = Release|Any CPU
		{67C48E1B-0F79-41F2-A402-00FFE8FEC781}.Release|x86.Build.0 = Release|Any CPU
	EndGlobalSection
	GlobalSection(SolutionProperties) = preSolution
		HideSolutionNode = FALSE
	EndGlobalSection
	GlobalSection(NestedProjects) = preSolution
		{37ACF127-78C2-4E22-BA72-7097D83C12F4} = {6BC99919-AF6D-498D-B8A0-FAC437A6E555}
		{429ADC65-22B5-4F20-871D-E132B8910D2B} = {6BC99919-AF6D-498D-B8A0-FAC437A6E555}
		{48E309CE-AF60-4792-800A-46AF3F4FEDA5} = {6BC99919-AF6D-498D-B8A0-FAC437A6E555}
		{FC9F89FE-0F84-46E9-96A1-51A723532D96} = {6BC99919-AF6D-498D-B8A0-FAC437A6E555}
		{18C7A73B-129D-4E5F-B9DE-E42E547963C5} = {6BC99919-AF6D-498D-B8A0-FAC437A6E555}
		{02F74751-3B91-4FBD-8951-00B28802C764} = {6BC99919-AF6D-498D-B8A0-FAC437A6E555}
		{9AF16962-A81B-432E-8D5E-99F848AD7B55} = {6BC99919-AF6D-498D-B8A0-FAC437A6E555}
		{7AB16EF6-9EAD-49A8-8CC4-C640B0A8C4FE} = {6BC99919-AF6D-498D-B8A0-FAC437A6E555}
		{3BC0568E-015E-4265-9FE2-7F4A38602FBF} = {6BC99919-AF6D-498D-B8A0-FAC437A6E555}
		{649B2A76-90AC-4E23-A774-F6A11552BBF4} = {6BC99919-AF6D-498D-B8A0-FAC437A6E555}
		{8B88448D-0DC7-487C-941A-11BF239312EB} = {6BC99919-AF6D-498D-B8A0-FAC437A6E555}
		{E92DA3CF-CA2A-4668-AAF5-1239F838ED83} = {6BC99919-AF6D-498D-B8A0-FAC437A6E555}
		{3BF9F2A4-E847-4436-8592-D65033A63F7E} = {6BC99919-AF6D-498D-B8A0-FAC437A6E555}
		{0B4AD9D4-CA32-4816-995E-34D8686CA35F} = {6BC99919-AF6D-498D-B8A0-FAC437A6E555}
		{8FD05B4C-390A-4A40-AD07-06C76601AA3E} = {6BC99919-AF6D-498D-B8A0-FAC437A6E555}
		{1CB6278E-75F0-4C39-AF5A-F6A87F9867E1} = {6868D2C0-34EB-4E41-BF50-D4BDDEF31BBA}
		{53E1E070-0789-4CEE-B0DD-75DBC3D79039} = {6BC99919-AF6D-498D-B8A0-FAC437A6E555}
		{6DC8860D-52A6-4CD9-899C-AC699865F5A4} = {10F48596-FB66-4C63-94FE-56B8F377AD65}
		{DB8D547B-3DA1-46F1-97F6-4E2408596AEA} = {6BC99919-AF6D-498D-B8A0-FAC437A6E555}
		{A99C514B-E87D-42F7-BC0E-89F2AFCFEA58} = {2F2E6164-D0D5-4E85-A2CC-D7D2A63DF411}
		{BAAA1E87-C18B-450B-9780-E998EA3C73EB} = {6BC99919-AF6D-498D-B8A0-FAC437A6E555}
	EndGlobalSection
	GlobalSection(ExtensibilityGlobals) = postSolution
		SolutionGuid = {5345CE77-6E48-4989-ABA7-110AFC0E3114}
	EndGlobalSection
EndGlobal
